
Microsoft Visual Studio Solution File, Format Version 12.00
# Visual Studio 15
VisualStudioVersion = 15.0.27004.2005
MinimumVisualStudioVersion = 10.0.40219.1
Project("{FAE04EC0-301F-11D3-BF4B-00C04F79EFBC}") = "KlasaGlowna", "KlasaGlowna\KlasaGlowna.csproj", "{17558684-38FF-4AB4-A333-93DBF0C9DE5D}"
EndProject
Global
	GlobalSection(SolutionConfigurationPlatforms) = preSolution
		Debug|Any CPU = Debug|Any CPU
		Release|Any CPU = Release|Any CPU
	EndGlobalSection
	GlobalSection(ProjectConfigurationPlatforms) = postSolution
		{17558684-38FF-4AB4-A333-93DBF0C9DE5D}.Debug|Any CPU.ActiveCfg = Debug|Any CPU
		{17558684-38FF-4AB4-A333-93DBF0C9DE5D}.Debug|Any CPU.Build.0 = Debug|Any CPU
		{17558684-38FF-4AB4-A333-93DBF0C9DE5D}.Release|Any CPU.ActiveCfg = Release|Any CPU
		{17558684-38FF-4AB4-A333-93DBF0C9DE5D}.Release|Any CPU.Build.0 = Release|Any CPU
	EndGlobalSection
	GlobalSection(SolutionProperties) = preSolution
		HideSolutionNode = FALSE
	EndGlobalSection
	GlobalSection(ExtensibilityGlobals) = postSolution
		SolutionGuid = {0F26F627-2CC3-44FE-A16F-4D31E5DD95B6}
	EndGlobalSection
EndGlobal
